
Microsoft Visual Studio Solution File, Format Version 12.00
# Visual Studio Version 16
VisualStudioVersion = 16.0.30225.117
MinimumVisualStudioVersion = 10.0.40219.1
Project("{FAE04EC0-301F-11D3-BF4B-00C04F79EFBC}") = "Loner", "Loner\Loner.csproj", "{217ED662-A480-4B56-BFC2-61D6CE8A4745}"
EndProject
Global
	GlobalSection(SolutionConfigurationPlatforms) = preSolution
		Debug|Any CPU = Debug|Any CPU
		Release|Any CPU = Release|Any CPU
	EndGlobalSection
	GlobalSection(ProjectConfigurationPlatforms) = postSolution
		{217ED662-A480-4B56-BFC2-61D6CE8A4745}.Debug|Any CPU.ActiveCfg = Debug|Any CPU
		{217ED662-A480-4B56-BFC2-61D6CE8A4745}.Debug|Any CPU.Build.0 = Debug|Any CPU
		{217ED662-A480-4B56-BFC2-61D6CE8A4745}.Release|Any CPU.ActiveCfg = Release|Any CPU
		{217ED662-A480-4B56-BFC2-61D6CE8A4745}.Release|Any CPU.Build.0 = Release|Any CPU
	EndGlobalSection
	GlobalSection(SolutionProperties) = preSolution
		HideSolutionNode = FALSE
	EndGlobalSection
	GlobalSection(ExtensibilityGlobals) = postSolution
		SolutionGuid = {096D5CCD-5A48-4282-BB82-4A8FF254D036}
	EndGlobalSection
EndGlobal
