
Microsoft Visual Studio Solution File, Format Version 12.00
# Visual Studio Version 16
VisualStudioVersion = 16.0.30225.117
MinimumVisualStudioVersion = 10.0.40219.1
Project("{FAE04EC0-301F-11D3-BF4B-00C04F79EFBC}") = "GumballMachine", "GumballMachine\GumballMachine.csproj", "{05B840D1-0D92-43FC-980C-1155F32B36EB}"
EndProject
Global
	GlobalSection(SolutionConfigurationPlatforms) = preSolution
		Debug|Any CPU = Debug|Any CPU
		Release|Any CPU = Release|Any CPU
	EndGlobalSection
	GlobalSection(ProjectConfigurationPlatforms) = postSolution
		{05B840D1-0D92-43FC-980C-1155F32B36EB}.Debug|Any CPU.ActiveCfg = Debug|Any CPU
		{05B840D1-0D92-43FC-980C-1155F32B36EB}.Debug|Any CPU.Build.0 = Debug|Any CPU
		{05B840D1-0D92-43FC-980C-1155F32B36EB}.Release|Any CPU.ActiveCfg = Release|Any CPU
		{05B840D1-0D92-43FC-980C-1155F32B36EB}.Release|Any CPU.Build.0 = Release|Any CPU
	EndGlobalSection
	GlobalSection(SolutionProperties) = preSolution
		HideSolutionNode = FALSE
	EndGlobalSection
	GlobalSection(ExtensibilityGlobals) = postSolution
		SolutionGuid = {63460555-EB0E-46DF-BFC0-F423C0F95886}
	EndGlobalSection
EndGlobal
