
Microsoft Visual Studio Solution File, Format Version 12.00
# Visual Studio Version 16
VisualStudioVersion = 16.0.30225.117
MinimumVisualStudioVersion = 10.0.40219.1
Project("{FAE04EC0-301F-11D3-BF4B-00C04F79EFBC}") = "FastDiner", "FastDiner\FastDiner.csproj", "{9910092A-A00C-4946-939E-8E122823A14D}"
EndProject
Global
	GlobalSection(SolutionConfigurationPlatforms) = preSolution
		Debug|Any CPU = Debug|Any CPU
		Release|Any CPU = Release|Any CPU
	EndGlobalSection
	GlobalSection(ProjectConfigurationPlatforms) = postSolution
		{9910092A-A00C-4946-939E-8E122823A14D}.Debug|Any CPU.ActiveCfg = Debug|Any CPU
		{9910092A-A00C-4946-939E-8E122823A14D}.Debug|Any CPU.Build.0 = Debug|Any CPU
		{9910092A-A00C-4946-939E-8E122823A14D}.Release|Any CPU.ActiveCfg = Release|Any CPU
		{9910092A-A00C-4946-939E-8E122823A14D}.Release|Any CPU.Build.0 = Release|Any CPU
	EndGlobalSection
	GlobalSection(SolutionProperties) = preSolution
		HideSolutionNode = FALSE
	EndGlobalSection
	GlobalSection(ExtensibilityGlobals) = postSolution
		SolutionGuid = {08370DB5-9700-4E13-9AC8-FDD17990DEFB}
	EndGlobalSection
EndGlobal
